
Microsoft Visual Studio Solution File, Format Version 12.00
# Visual Studio Version 17
VisualStudioVersion = 17.5.33516.290
MinimumVisualStudioVersion = 10.0.40219.1
Project("{FAE04EC0-301F-11D3-BF4B-00C04F79EFBC}") = "rjp.api", "rjp.api\rjp.api.csproj", "{CDEEE7AD-E01A-484D-801F-C027392FADA6}"
EndProject
Project("{FAE04EC0-301F-11D3-BF4B-00C04F79EFBC}") = "rjp.data", "rjp.data\rjp.data.csproj", "{E3FB5F9C-B026-4D44-A5F0-AA58708C3649}"
EndProject
Global
	GlobalSection(SolutionConfigurationPlatforms) = preSolution
		Debug|Any CPU = Debug|Any CPU
		Release|Any CPU = Release|Any CPU
	EndGlobalSection
	GlobalSection(ProjectConfigurationPlatforms) = postSolution
		{CDEEE7AD-E01A-484D-801F-C027392FADA6}.Debug|Any CPU.ActiveCfg = Debug|Any CPU
		{CDEEE7AD-E01A-484D-801F-C027392FADA6}.Debug|Any CPU.Build.0 = Debug|Any CPU
		{CDEEE7AD-E01A-484D-801F-C027392FADA6}.Release|Any CPU.ActiveCfg = Release|Any CPU
		{CDEEE7AD-E01A-484D-801F-C027392FADA6}.Release|Any CPU.Build.0 = Release|Any CPU
		{E3FB5F9C-B026-4D44-A5F0-AA58708C3649}.Debug|Any CPU.ActiveCfg = Debug|Any CPU
		{E3FB5F9C-B026-4D44-A5F0-AA58708C3649}.Debug|Any CPU.Build.0 = Debug|Any CPU
		{E3FB5F9C-B026-4D44-A5F0-AA58708C3649}.Release|Any CPU.ActiveCfg = Release|Any CPU
		{E3FB5F9C-B026-4D44-A5F0-AA58708C3649}.Release|Any CPU.Build.0 = Release|Any CPU
	EndGlobalSection
	GlobalSection(SolutionProperties) = preSolution
		HideSolutionNode = FALSE
	EndGlobalSection
	GlobalSection(ExtensibilityGlobals) = postSolution
		SolutionGuid = {8542204E-F995-45BC-8A4E-B92EAC2F70B6}
	EndGlobalSection
EndGlobal
